// !$*UTF8*$!
{
	archiveVersion = 1;
	classes = {
	};
	objectVersion = 50;
	objects = {

/* Begin PBXBuildFile section */
		6B2F19F12475A61D0058ED5B /* AppDelegate.swift in Sources */ = {isa = PBXBuildFile; fileRef = 6B2F19F02475A61D0058ED5B /* AppDelegate.swift */; };
		6B2F19F32475A61D0058ED5B /* SceneDelegate.swift in Sources */ = {isa = PBXBuildFile; fileRef = 6B2F19F22475A61D0058ED5B /* SceneDelegate.swift */; };
		6B2F19F72475A61E0058ED5B /* Assets.xcassets in Resources */ = {isa = PBXBuildFile; fileRef = 6B2F19F62475A61E0058ED5B /* Assets.xcassets */; };
		6B2F19FA2475A61E0058ED5B /* Preview Assets.xcassets in Resources */ = {isa = PBXBuildFile; fileRef = 6B2F19F92475A61E0058ED5B /* Preview Assets.xcassets */; };
		6B2F19FD2475A61E0058ED5B /* LaunchScreen.storyboard in Resources */ = {isa = PBXBuildFile; fileRef = 6B2F19FB2475A61E0058ED5B /* LaunchScreen.storyboard */; };
		6B2F1A092475AD230058ED5B /* Predicate.swift in Sources */ = {isa = PBXBuildFile; fileRef = 6B2F1A082475AD230058ED5B /* Predicate.swift */; };
		6B2F1A0B2475AF3B0058ED5B /* PredicateRow.swift in Sources */ = {isa = PBXBuildFile; fileRef = 6B2F1A0A2475AF3B0058ED5B /* PredicateRow.swift */; };
		6B2F1A0D2475B0BB0058ED5B /* Data.swift in Sources */ = {isa = PBXBuildFile; fileRef = 6B2F1A0C2475B0BB0058ED5B /* Data.swift */; };
		6B2F1A112475B7850058ED5B /* PredicateDetail.swift in Sources */ = {isa = PBXBuildFile; fileRef = 6B2F1A102475B7850058ED5B /* PredicateDetail.swift */; };
		6B2F1A132475CFFA0058ED5B /* PredicateList.swift in Sources */ = {isa = PBXBuildFile; fileRef = 6B2F1A122475CFFA0058ED5B /* PredicateList.swift */; };
		6B84631F24A479D300D87E47 /* PredicateCheckList.swift in Sources */ = {isa = PBXBuildFile; fileRef = 6B84631E24A479D300D87E47 /* PredicateCheckList.swift */; };
		6B84632124A47A0900D87E47 /* CheckListView.swift in Sources */ = {isa = PBXBuildFile; fileRef = 6B84632024A47A0900D87E47 /* CheckListView.swift */; };
		6BA913CE24B19779002CFFF1 /* predicates3.json in Resources */ = {isa = PBXBuildFile; fileRef = 6BA913CD24B19779002CFFF1 /* predicates3.json */; };
/* End PBXBuildFile section */

/* Begin PBXFileReference section */
		6B2F19ED2475A61D0058ED5B /* Court Evidence.app */ = {isa = PBXFileReference; explicitFileType = wrapper.application; includeInIndex = 0; path = "Court Evidence.app"; sourceTree = BUILT_PRODUCTS_DIR; };
		6B2F19F02475A61D0058ED5B /* AppDelegate.swift */ = {isa = PBXFileReference; lastKnownFileType = sourcecode.swift; path = AppDelegate.swift; sourceTree = "<group>"; };
		6B2F19F22475A61D0058ED5B /* SceneDelegate.swift */ = {isa = PBXFileReference; lastKnownFileType = sourcecode.swift; path = SceneDelegate.swift; sourceTree = "<group>"; };
		6B2F19F62475A61E0058ED5B /* Assets.xcassets */ = {isa = PBXFileReference; lastKnownFileType = folder.assetcatalog; path = Assets.xcassets; sourceTree = "<group>"; };
		6B2F19F92475A61E0058ED5B /* Preview Assets.xcassets */ = {isa = PBXFileReference; lastKnownFileType = folder.assetcatalog; path = "Preview Assets.xcassets"; sourceTree = "<group>"; };
		6B2F19FC2475A61E0058ED5B /* Base */ = {isa = PBXFileReference; lastKnownFileType = file.storyboard; name = Base; path = Base.lproj/LaunchScreen.storyboard; sourceTree = "<group>"; };
		6B2F19FE2475A61E0058ED5B /* Info.plist */ = {isa = PBXFileReference; lastKnownFileType = text.plist.xml; path = Info.plist; sourceTree = "<group>"; };
		6B2F1A082475AD230058ED5B /* Predicate.swift */ = {isa = PBXFileReference; lastKnownFileType = sourcecode.swift; path = Predicate.swift; sourceTree = "<group>"; };
		6B2F1A0A2475AF3B0058ED5B /* PredicateRow.swift */ = {isa = PBXFileReference; lastKnownFileType = sourcecode.swift; path = PredicateRow.swift; sourceTree = "<group>"; };
		6B2F1A0C2475B0BB0058ED5B /* Data.swift */ = {isa = PBXFileReference; lastKnownFileType = sourcecode.swift; path = Data.swift; sourceTree = "<group>"; };
		6B2F1A102475B7850058ED5B /* PredicateDetail.swift */ = {isa = PBXFileReference; lastKnownFileType = sourcecode.swift; path = PredicateDetail.swift; sourceTree = "<group>"; };
		6B2F1A122475CFFA0058ED5B /* PredicateList.swift */ = {isa = PBXFileReference; lastKnownFileType = sourcecode.swift; path = PredicateList.swift; sourceTree = "<group>"; };
		6B84631E24A479D300D87E47 /* PredicateCheckList.swift */ = {isa = PBXFileReference; lastKnownFileType = sourcecode.swift; path = PredicateCheckList.swift; sourceTree = "<group>"; };
		6B84632024A47A0900D87E47 /* CheckListView.swift */ = {isa = PBXFileReference; lastKnownFileType = sourcecode.swift; path = CheckListView.swift; sourceTree = "<group>"; };
		6BA913CD24B19779002CFFF1 /* predicates3.json */ = {isa = PBXFileReference; fileEncoding = 4; lastKnownFileType = text.json; name = predicates3.json; path = ../../../../Downloads/predicates3.json; sourceTree = "<group>"; };
/* End PBXFileReference section */

/* Begin PBXFrameworksBuildPhase section */
		6B2F19EA2475A61D0058ED5B /* Frameworks */ = {
			isa = PBXFrameworksBuildPhase;
			buildActionMask = 2147483647;
			files = (
			);
			runOnlyForDeploymentPostprocessing = 0;
		};
/* End PBXFrameworksBuildPhase section */

/* Begin PBXGroup section */
		6B2F19E42475A61D0058ED5B = {
			isa = PBXGroup;
			children = (
				6B2F19EF2475A61D0058ED5B /* Court Evidence Predicates */,
				6B2F19EE2475A61D0058ED5B /* Products */,
			);
			sourceTree = "<group>";
		};
		6B2F19EE2475A61D0058ED5B /* Products */ = {
			isa = PBXGroup;
			children = (
				6B2F19ED2475A61D0058ED5B /* Court Evidence.app */,
			);
			name = Products;
			sourceTree = "<group>";
		};
		6B2F19EF2475A61D0058ED5B /* Court Evidence Predicates */ = {
			isa = PBXGroup;
			children = (
				6B2F19F02475A61D0058ED5B /* AppDelegate.swift */,
				6B2F19F22475A61D0058ED5B /* SceneDelegate.swift */,
				6B2F1A072475AC4C0058ED5B /* Resources */,
				6B2F1A062475AC3F0058ED5B /* Model */,
				6B2F1A052475AC270058ED5B /* Data */,
				6B2F1A042475AC010058ED5B /* Views */,
				6B2F19F62475A61E0058ED5B /* Assets.xcassets */,
				6B2F19FB2475A61E0058ED5B /* LaunchScreen.storyboard */,
				6B2F19FE2475A61E0058ED5B /* Info.plist */,
				6B2F19F82475A61E0058ED5B /* Preview Content */,
			);
			path = "Court Evidence Predicates";
			sourceTree = "<group>";
		};
		6B2F19F82475A61E0058ED5B /* Preview Content */ = {
			isa = PBXGroup;
			children = (
				6B2F19F92475A61E0058ED5B /* Preview Assets.xcassets */,
			);
			path = "Preview Content";
			sourceTree = "<group>";
		};
		6B2F1A042475AC010058ED5B /* Views */ = {
			isa = PBXGroup;
			children = (
				6B2F1A122475CFFA0058ED5B /* PredicateList.swift */,
				6B2F1A0A2475AF3B0058ED5B /* PredicateRow.swift */,
				6B2F1A102475B7850058ED5B /* PredicateDetail.swift */,
				6B84631E24A479D300D87E47 /* PredicateCheckList.swift */,
				6B84632024A47A0900D87E47 /* CheckListView.swift */,
			);
			path = Views;
			sourceTree = "<group>";
		};
		6B2F1A052475AC270058ED5B /* Data */ = {
			isa = PBXGroup;
			children = (
				6B2F1A0C2475B0BB0058ED5B /* Data.swift */,
			);
			path = Data;
			sourceTree = "<group>";
		};
		6B2F1A062475AC3F0058ED5B /* Model */ = {
			isa = PBXGroup;
			children = (
				6B2F1A082475AD230058ED5B /* Predicate.swift */,
			);
			path = Model;
			sourceTree = "<group>";
		};
		6B2F1A072475AC4C0058ED5B /* Resources */ = {
			isa = PBXGroup;
			children = (
				6BA913CD24B19779002CFFF1 /* predicates3.json */,
			);
			path = Resources;
			sourceTree = "<group>";
		};
/* End PBXGroup section */

/* Begin PBXNativeTarget section */
		6B2F19EC2475A61D0058ED5B /* Court Evidence Predicates */ = {
			isa = PBXNativeTarget;
			buildConfigurationList = 6B2F1A012475A61E0058ED5B /* Build configuration list for PBXNativeTarget "Court Evidence Predicates" */;
			buildPhases = (
				6B2F19E92475A61D0058ED5B /* Sources */,
				6B2F19EA2475A61D0058ED5B /* Frameworks */,
				6B2F19EB2475A61D0058ED5B /* Resources */,
			);
			buildRules = (
			);
			dependencies = (
			);
			name = "Court Evidence Predicates";
			productName = "Court Evidence Predicates";
			productReference = 6B2F19ED2475A61D0058ED5B /* Court Evidence.app */;
			productType = "com.apple.product-type.application";
		};
/* End PBXNativeTarget section */

/* Begin PBXProject section */
		6B2F19E52475A61D0058ED5B /* Project object */ = {
			isa = PBXProject;
			attributes = {
				LastSwiftUpdateCheck = 1140;
				LastUpgradeCheck = 1140;
				ORGANIZATIONNAME = "Anthony Shorter";
				TargetAttributes = {
					6B2F19EC2475A61D0058ED5B = {
						CreatedOnToolsVersion = 11.4.1;
					};
				};
			};
			buildConfigurationList = 6B2F19E82475A61D0058ED5B /* Build configuration list for PBXProject "Court Evidence Predicates" */;
			compatibilityVersion = "Xcode 9.3";
			developmentRegion = en;
			hasScannedForEncodings = 0;
			knownRegions = (
				en,
				Base,
			);
			mainGroup = 6B2F19E42475A61D0058ED5B;
			productRefGroup = 6B2F19EE2475A61D0058ED5B /* Products */;
			projectDirPath = "";
			projectRoot = "";
			targets = (
				6B2F19EC2475A61D0058ED5B /* Court Evidence Predicates */,
			);
		};
/* End PBXProject section */

/* Begin PBXResourcesBuildPhase section */
		6B2F19EB2475A61D0058ED5B /* Resources */ = {
			isa = PBXResourcesBuildPhase;
			buildActionMask = 2147483647;
			files = (
				6BA913CE24B19779002CFFF1 /* predicates3.json in Resources */,
				6B2F19FD2475A61E0058ED5B /* LaunchScreen.storyboard in Resources */,
				6B2F19FA2475A61E0058ED5B /* Preview Assets.xcassets in Resources */,
				6B2F19F72475A61E0058ED5B /* Assets.xcassets in Resources */,
			);
			runOnlyForDeploymentPostprocessing = 0;
		};
/* End PBXResourcesBuildPhase section */

/* Begin PBXSourcesBuildPhase section */
		6B2F19E92475A61D0058ED5B /* Sources */ = {
			isa = PBXSourcesBuildPhase;
			buildActionMask = 2147483647;
			files = (
				6B2F19F12475A61D0058ED5B /* AppDelegate.swift in Sources */,
				6B2F1A0D2475B0BB0058ED5B /* Data.swift in Sources */,
				6B2F19F32475A61D0058ED5B /* SceneDelegate.swift in Sources */,
				6B2F1A132475CFFA0058ED5B /* PredicateList.swift in Sources */,
				6B2F1A112475B7850058ED5B /* PredicateDetail.swift in Sources */,
				6B84632124A47A0900D87E47 /* CheckListView.swift in Sources */,
				6B2F1A0B2475AF3B0058ED5B /* PredicateRow.swift in Sources */,
				6B84631F24A479D300D87E47 /* PredicateCheckList.swift in Sources */,
				6B2F1A092475AD230058ED5B /* Predicate.swift in Sources */,
			);
			runOnlyForDeploymentPostprocessing = 0;
		};
/* End PBXSourcesBuildPhase section */

/* Begin PBXVariantGroup section */
		6B2F19FB2475A61E0058ED5B /* LaunchScreen.storyboard */ = {
			isa = PBXVariantGroup;
			children = (
				6B2F19FC2475A61E0058ED5B /* Base */,
			);
			name = LaunchScreen.storyboard;
			sourceTree = "<group>";
		};
/* End PBXVariantGroup section */

/* Begin XCBuildConfiguration section */
		6B2F19FF2475A61E0058ED5B /* Debug */ = {
			isa = XCBuildConfiguration;
			buildSettings = {
				ALWAYS_SEARCH_USER_PATHS = NO;
				CLANG_ANALYZER_NONNULL = YES;
				CLANG_ANALYZER_NUMBER_OBJECT_CONVERSION = YES_AGGRESSIVE;
				CLANG_CXX_LANGUAGE_STANDARD = "gnu++14";
				CLANG_CXX_LIBRARY = "libc++";
				CLANG_ENABLE_MODULES = YES;
				CLANG_ENABLE_OBJC_ARC = YES;
				CLANG_ENABLE_OBJC_WEAK = YES;
				CLANG_WARN_BLOCK_CAPTURE_AUTORELEASING = YES;
				CLANG_WARN_BOOL_CONVERSION = YES;
				CLANG_WARN_COMMA = YES;
				CLANG_WARN_CONSTANT_CONVERSION = YES;
				CLANG_WARN_DEPRECATED_OBJC_IMPLEMENTATIONS = YES;
				CLANG_WARN_DIRECT_OBJC_ISA_USAGE = YES_ERROR;
				CLANG_WARN_DOCUMENTATION_COMMENTS = YES;
				CLANG_WARN_EMPTY_BODY = YES;
				CLANG_WARN_ENUM_CONVERSION = YES;
				CLANG_WARN_INFINITE_RECURSION = YES;
				CLANG_WARN_INT_CONVERSION = YES;
				CLANG_WARN_NON_LITERAL_NULL_CONVERSION = YES;
				CLANG_WARN_OBJC_IMPLICIT_RETAIN_SELF = YES;
				CLANG_WARN_OBJC_LITERAL_CONVERSION = YES;
				CLANG_WARN_OBJC_ROOT_CLASS = YES_ERROR;
				CLANG_WARN_RANGE_LOOP_ANALYSIS = YES;
				CLANG_WARN_STRICT_PROTOTYPES = YES;
				CLANG_WARN_SUSPICIOUS_MOVE = YES;
				CLANG_WARN_UNGUARDED_AVAILABILITY = YES_AGGRESSIVE;
				CLANG_WARN_UNREACHABLE_CODE = YES;
				CLANG_WARN__DUPLICATE_METHOD_MATCH = YES;
				COPY_PHASE_STRIP = NO;
				DEBUG_INFORMATION_FORMAT = dwarf;
				ENABLE_STRICT_OBJC_MSGSEND = YES;
				ENABLE_TESTABILITY = YES;
				GCC_C_LANGUAGE_STANDARD = gnu11;
				GCC_DYNAMIC_NO_PIC = NO;
				GCC_NO_COMMON_BLOCKS = YES;
				GCC_OPTIMIZATION_LEVEL = 0;
				GCC_PREPROCESSOR_DEFINITIONS = (
					"DEBUG=1",
					"$(inherited)",
				);
				GCC_WARN_64_TO_32_BIT_CONVERSION = YES;
				GCC_WARN_ABOUT_RETURN_TYPE = YES_ERROR;
				GCC_WARN_UNDECLARED_SELECTOR = YES;
				GCC_WARN_UNINITIALIZED_AUTOS = YES_AGGRESSIVE;
				GCC_WARN_UNUSED_FUNCTION = YES;
				GCC_WARN_UNUSED_VARIABLE = YES;
				IPHONEOS_DEPLOYMENT_TARGET = 13.4;
				MTL_ENABLE_DEBUG_INFO = INCLUDE_SOURCE;
				MTL_FAST_MATH = YES;
				ONLY_ACTIVE_ARCH = YES;
				SDKROOT = iphoneos;
				SWIFT_ACTIVE_COMPILATION_CONDITIONS = DEBUG;
				SWIFT_OPTIMIZATION_LEVEL = "-Onone";
			};
			name = Debug;
		};
		6B2F1A002475A61E0058ED5B /* Release */ = {
			isa = XCBuildConfiguration;
			buildSettings = {
				ALWAYS_SEARCH_USER_PATHS = NO;
				CLANG_ANALYZER_NONNULL = YES;
				CLANG_ANALYZER_NUMBER_OBJECT_CONVERSION = YES_AGGRESSIVE;
				CLANG_CXX_LANGUAGE_STANDARD = "gnu++14";
				CLANG_CXX_LIBRARY = "libc++";
				CLANG_ENABLE_MODULES = YES;
				CLANG_ENABLE_OBJC_ARC = YES;
				CLANG_ENABLE_OBJC_WEAK = YES;
				CLANG_WARN_BLOCK_CAPTURE_AUTORELEASING = YES;
				CLANG_WARN_BOOL_CONVERSION = YES;
				CLANG_WARN_COMMA = YES;
				CLANG_WARN_CONSTANT_CONVERSION = YES;
				CLANG_WARN_DEPRECATED_OBJC_IMPLEMENTATIONS = YES;
				CLANG_WARN_DIRECT_OBJC_ISA_USAGE = YES_ERROR;
				CLANG_WARN_DOCUMENTATION_COMMENTS = YES;
				CLANG_WARN_EMPTY_BODY = YES;
				CLANG_WARN_ENUM_CONVERSION = YES;
				CLANG_WARN_INFINITE_RECURSION = YES;
				CLANG_WARN_INT_CONVERSION = YES;
				CLANG_WARN_NON_LITERAL_NULL_CONVERSION = YES;
				CLANG_WARN_OBJC_IMPLICIT_RETAIN_SELF = YES;
				CLANG_WARN_OBJC_LITERAL_CONVERSION = YES;
				CLANG_WARN_OBJC_ROOT_CLASS = YES_ERROR;
				CLANG_WARN_RANGE_LOOP_ANALYSIS = YES;
				CLANG_WARN_STRICT_PROTOTYPES = YES;
				CLANG_WARN_SUSPICIOUS_MOVE = YES;
				CLANG_WARN_UNGUARDED_AVAILABILITY = YES_AGGRESSIVE;
				CLANG_WARN_UNREACHABLE_CODE = YES;
				CLANG_WARN__DUPLICATE_METHOD_MATCH = YES;
				COPY_PHASE_STRIP = NO;
				DEBUG_INFORMATION_FORMAT = "dwarf-with-dsym";
				ENABLE_NS_ASSERTIONS = NO;
				ENABLE_STRICT_OBJC_MSGSEND = YES;
				GCC_C_LANGUAGE_STANDARD = gnu11;
				GCC_NO_COMMON_BLOCKS = YES;
				GCC_WARN_64_TO_32_BIT_CONVERSION = YES;
				GCC_WARN_ABOUT_RETURN_TYPE = YES_ERROR;
				GCC_WARN_UNDECLARED_SELECTOR = YES;
				GCC_WARN_UNINITIALIZED_AUTOS = YES_AGGRESSIVE;
				GCC_WARN_UNUSED_FUNCTION = YES;
				GCC_WARN_UNUSED_VARIABLE = YES;
				IPHONEOS_DEPLOYMENT_TARGET = 13.4;
				MTL_ENABLE_DEBUG_INFO = NO;
				MTL_FAST_MATH = YES;
				SDKROOT = iphoneos;
				SWIFT_COMPILATION_MODE = wholemodule;
				SWIFT_OPTIMIZATION_LEVEL = "-O";
				VALIDATE_PRODUCT = YES;
			};
			name = Release;
		};
		6B2F1A022475A61E0058ED5B /* Debug */ = {
			isa = XCBuildConfiguration;
			buildSettings = {
				ASSETCATALOG_COMPILER_APPICON_NAME = AppIcon;
				CODE_SIGN_STYLE = Automatic;
				DEVELOPMENT_ASSET_PATHS = "\"Court Evidence Predicates/Preview Content\"";
				DEVELOPMENT_TEAM = 2KA8J66D97;
				ENABLE_PREVIEWS = YES;
				INFOPLIST_FILE = "Court Evidence Predicates/Info.plist";
				LD_RUNPATH_SEARCH_PATHS = (
					"$(inherited)",
					"@executable_path/Frameworks",
				);
				MARKETING_VERSION = 5.1;
				PRODUCT_BUNDLE_IDENTIFIER = com.ACS4LEGAL.EvidFoundations;
				PRODUCT_NAME = "Court Evidence";
				SWIFT_VERSION = 5.0;
				TARGETED_DEVICE_FAMILY = 1;
			};
			name = Debug;
		};
		6B2F1A032475A61E0058ED5B /* Release */ = {
			isa = XCBuildConfiguration;
			buildSettings = {
				ASSETCATALOG_COMPILER_APPICON_NAME = AppIcon;
				CODE_SIGN_STYLE = Automatic;
				DEVELOPMENT_ASSET_PATHS = "\"Court Evidence Predicates/Preview Content\"";
				DEVELOPMENT_TEAM = 2KA8J66D97;
				ENABLE_PREVIEWS = YES;
				INFOPLIST_FILE = "Court Evidence Predicates/Info.plist";
				LD_RUNPATH_SEARCH_PATHS = (
					"$(inherited)",
					"@executable_path/Frameworks",
				);
				MARKETING_VERSION = 5.1;
				PRODUCT_BUNDLE_IDENTIFIER = com.ACS4LEGAL.EvidFoundations;
				PRODUCT_NAME = "Court Evidence";
				SWIFT_VERSION = 5.0;
				TARGETED_DEVICE_FAMILY = 1;
			};
			name = Release;
		};
/* End XCBuildConfiguration section */

/* Begin XCConfigurationList section */
		6B2F19E82475A61D0058ED5B /* Build configuration list for PBXProject "Court Evidence Predicates" */ = {
			isa = XCConfigurationList;
			buildConfigurations = (
				6B2F19FF2475A61E0058ED5B /* Debug */,
				6B2F1A002475A61E0058ED5B /* Release */,
			);
			defaultConfigurationIsVisible = 0;
			defaultConfigurationName = Release;
		};
		6B2F1A012475A61E0058ED5B /* Build configuration list for PBXNativeTarget "Court Evidence Predicates" */ = {
			isa = XCConfigurationList;
			buildConfigurations = (
				6B2F1A022475A61E0058ED5B /* Debug */,
				6B2F1A032475A61E0058ED5B /* Release */,
			);
			defaultConfigurationIsVisible = 0;
			defaultConfigurationName = Release;
		};
/* End XCConfigurationList section */
	};
	rootObject = 6B2F19E52475A61D0058ED5B /* Project object */;
}
